
Microsoft Visual Studio Solution File, Format Version 12.00
# Visual Studio Version 17
VisualStudioVersion = 17.9.34622.214
MinimumVisualStudioVersion = 10.0.40219.1
Project("{FAE04EC0-301F-11D3-BF4B-00C04F79EFBC}") = "MovieInfo", "MovieInfo\MovieInfo.csproj", "{B7D97607-328D-4A77-B6AB-C442EAA1C1EA}"
EndProject
Global
	GlobalSection(SolutionConfigurationPlatforms) = preSolution
		Debug|Any CPU = Debug|Any CPU
		Release|Any CPU = Release|Any CPU
	EndGlobalSection
	GlobalSection(ProjectConfigurationPlatforms) = postSolution
		{B7D97607-328D-4A77-B6AB-C442EAA1C1EA}.Debug|Any CPU.ActiveCfg = Debug|Any CPU
		{B7D97607-328D-4A77-B6AB-C442EAA1C1EA}.Debug|Any CPU.Build.0 = Debug|Any CPU
		{B7D97607-328D-4A77-B6AB-C442EAA1C1EA}.Release|Any CPU.ActiveCfg = Release|Any CPU
		{B7D97607-328D-4A77-B6AB-C442EAA1C1EA}.Release|Any CPU.Build.0 = Release|Any CPU
	EndGlobalSection
	GlobalSection(SolutionProperties) = preSolution
		HideSolutionNode = FALSE
	EndGlobalSection
	GlobalSection(ExtensibilityGlobals) = postSolution
		SolutionGuid = {8AE2DED3-B316-462E-90E8-46B5940D11C0}
	EndGlobalSection
EndGlobal
